// !$*UTF8*$!
{
	archiveVersion = 1;
	classes = {
	};
	objectVersion = 46;
	objects = {

/* Begin PBXBuildFile section */
		59380C1E1CD13228000C99F0 /* main.m in Sources */ = {isa = PBXBuildFile; fileRef = 59380C1D1CD13228000C99F0 /* main.m */; };
		59380C211CD13229000C99F0 /* AppDelegate.m in Sources */ = {isa = PBXBuildFile; fileRef = 59380C201CD13229000C99F0 /* AppDelegate.m */; };
		59380C231CD13229000C99F0 /* Assets.xcassets in Resources */ = {isa = PBXBuildFile; fileRef = 59380C221CD13229000C99F0 /* Assets.xcassets */; };
		59380C261CD13229000C99F0 /* LaunchScreen.storyboard in Resources */ = {isa = PBXBuildFile; fileRef = 59380C241CD13229000C99F0 /* LaunchScreen.storyboard */; };
		59C242E61CD1D68C00FA9E88 /* DTCColors.m in Sources */ = {isa = PBXBuildFile; fileRef = 59C242E51CD1D68C00FA9E88 /* DTCColors.m */; };
		59C242EA1CD1D8FC00FA9E88 /* DTCColorfulViewController.m in Sources */ = {isa = PBXBuildFile; fileRef = 59C242E91CD1D8FC00FA9E88 /* DTCColorfulViewController.m */; };
		59CBCC2A1CD27D5C00966410 /* DTCRandomColorCell.m in Sources */ = {isa = PBXBuildFile; fileRef = 59CBCC281CD27D5C00966410 /* DTCRandomColorCell.m */; };
		59CBCC2B1CD27D5C00966410 /* DTCRandomColorCell.xib in Resources */ = {isa = PBXBuildFile; fileRef = 59CBCC291CD27D5C00966410 /* DTCRandomColorCell.xib */; };
		59CBCC2F1CD2801400966410 /* UIColor+Colorful.m in Sources */ = {isa = PBXBuildFile; fileRef = 59CBCC2E1CD2801400966410 /* UIColor+Colorful.m */; };
/* End PBXBuildFile section */

/* Begin PBXFileReference section */
		59380C191CD13228000C99F0 /* CollectionSample.app */ = {isa = PBXFileReference; explicitFileType = wrapper.application; includeInIndex = 0; path = CollectionSample.app; sourceTree = BUILT_PRODUCTS_DIR; };
		59380C1D1CD13228000C99F0 /* main.m */ = {isa = PBXFileReference; lastKnownFileType = sourcecode.c.objc; path = main.m; sourceTree = "<group>"; };
		59380C1F1CD13229000C99F0 /* AppDelegate.h */ = {isa = PBXFileReference; lastKnownFileType = sourcecode.c.h; path = AppDelegate.h; sourceTree = "<group>"; };
		59380C201CD13229000C99F0 /* AppDelegate.m */ = {isa = PBXFileReference; lastKnownFileType = sourcecode.c.objc; path = AppDelegate.m; sourceTree = "<group>"; };
		59380C221CD13229000C99F0 /* Assets.xcassets */ = {isa = PBXFileReference; lastKnownFileType = folder.assetcatalog; path = Assets.xcassets; sourceTree = "<group>"; };
		59380C251CD13229000C99F0 /* Base */ = {isa = PBXFileReference; lastKnownFileType = file.storyboard; name = Base; path = Base.lproj/LaunchScreen.storyboard; sourceTree = "<group>"; };
		59380C271CD13229000C99F0 /* Info.plist */ = {isa = PBXFileReference; lastKnownFileType = text.plist.xml; path = Info.plist; sourceTree = "<group>"; };
		59C242E41CD1D68C00FA9E88 /* DTCColors.h */ = {isa = PBXFileReference; fileEncoding = 4; lastKnownFileType = sourcecode.c.h; path = DTCColors.h; sourceTree = "<group>"; };
		59C242E51CD1D68C00FA9E88 /* DTCColors.m */ = {isa = PBXFileReference; fileEncoding = 4; lastKnownFileType = sourcecode.c.objc; path = DTCColors.m; sourceTree = "<group>"; };
		59C242E81CD1D8FC00FA9E88 /* DTCColorfulViewController.h */ = {isa = PBXFileReference; fileEncoding = 4; lastKnownFileType = sourcecode.c.h; path = DTCColorfulViewController.h; sourceTree = "<group>"; };
		59C242E91CD1D8FC00FA9E88 /* DTCColorfulViewController.m */ = {isa = PBXFileReference; fileEncoding = 4; lastKnownFileType = sourcecode.c.objc; path = DTCColorfulViewController.m; sourceTree = "<group>"; };
		59CBCC271CD27D5C00966410 /* DTCRandomColorCell.h */ = {isa = PBXFileReference; fileEncoding = 4; lastKnownFileType = sourcecode.c.h; path = DTCRandomColorCell.h; sourceTree = "<group>"; };
		59CBCC281CD27D5C00966410 /* DTCRandomColorCell.m */ = {isa = PBXFileReference; fileEncoding = 4; lastKnownFileType = sourcecode.c.objc; path = DTCRandomColorCell.m; sourceTree = "<group>"; };
		59CBCC291CD27D5C00966410 /* DTCRandomColorCell.xib */ = {isa = PBXFileReference; fileEncoding = 4; lastKnownFileType = file.xib; path = DTCRandomColorCell.xib; sourceTree = "<group>"; };
		59CBCC2D1CD2801400966410 /* UIColor+Colorful.h */ = {isa = PBXFileReference; fileEncoding = 4; lastKnownFileType = sourcecode.c.h; path = "UIColor+Colorful.h"; sourceTree = "<group>"; };
		59CBCC2E1CD2801400966410 /* UIColor+Colorful.m */ = {isa = PBXFileReference; fileEncoding = 4; lastKnownFileType = sourcecode.c.objc; path = "UIColor+Colorful.m"; sourceTree = "<group>"; };
/* End PBXFileReference section */

/* Begin PBXFrameworksBuildPhase section */
		59380C161CD13228000C99F0 /* Frameworks */ = {
			isa = PBXFrameworksBuildPhase;
			buildActionMask = 2147483647;
			files = (
			);
			runOnlyForDeploymentPostprocessing = 0;
		};
/* End PBXFrameworksBuildPhase section */

/* Begin PBXGroup section */
		59380C101CD13228000C99F0 = {
			isa = PBXGroup;
			children = (
				59380C1B1CD13228000C99F0 /* CollectionSample */,
				59380C1A1CD13228000C99F0 /* Products */,
			);
			sourceTree = "<group>";
		};
		59380C1A1CD13228000C99F0 /* Products */ = {
			isa = PBXGroup;
			children = (
				59380C191CD13228000C99F0 /* CollectionSample.app */,
			);
			name = Products;
			sourceTree = "<group>";
		};
		59380C1B1CD13228000C99F0 /* CollectionSample */ = {
			isa = PBXGroup;
			children = (
				59CBCC2C1CD2800700966410 /* Categories */,
				59CBCC261CD27D2600966410 /* Views */,
				59C242E71CD1D88C00FA9E88 /* Controllers */,
				59C242E31CD1D66A00FA9E88 /* Models */,
				59380C1F1CD13229000C99F0 /* AppDelegate.h */,
				59380C201CD13229000C99F0 /* AppDelegate.m */,
				59380C221CD13229000C99F0 /* Assets.xcassets */,
				59380C241CD13229000C99F0 /* LaunchScreen.storyboard */,
				59380C271CD13229000C99F0 /* Info.plist */,
				59380C1C1CD13228000C99F0 /* Supporting Files */,
			);
			path = CollectionSample;
			sourceTree = "<group>";
		};
		59380C1C1CD13228000C99F0 /* Supporting Files */ = {
			isa = PBXGroup;
			children = (
				59380C1D1CD13228000C99F0 /* main.m */,
			);
			name = "Supporting Files";
			sourceTree = "<group>";
		};
		59C242E31CD1D66A00FA9E88 /* Models */ = {
			isa = PBXGroup;
			children = (
				59C242E41CD1D68C00FA9E88 /* DTCColors.h */,
				59C242E51CD1D68C00FA9E88 /* DTCColors.m */,
			);
			name = Models;
			sourceTree = "<group>";
		};
		59C242E71CD1D88C00FA9E88 /* Controllers */ = {
			isa = PBXGroup;
			children = (
				59C242E81CD1D8FC00FA9E88 /* DTCColorfulViewController.h */,
				59C242E91CD1D8FC00FA9E88 /* DTCColorfulViewController.m */,
			);
			name = Controllers;
			sourceTree = "<group>";
		};
		59CBCC261CD27D2600966410 /* Views */ = {
			isa = PBXGroup;
			children = (
				59CBCC271CD27D5C00966410 /* DTCRandomColorCell.h */,
				59CBCC281CD27D5C00966410 /* DTCRandomColorCell.m */,
				59CBCC291CD27D5C00966410 /* DTCRandomColorCell.xib */,
			);
			name = Views;
			sourceTree = "<group>";
		};
		59CBCC2C1CD2800700966410 /* Categories */ = {
			isa = PBXGroup;
			children = (
				59CBCC2D1CD2801400966410 /* UIColor+Colorful.h */,
				59CBCC2E1CD2801400966410 /* UIColor+Colorful.m */,
			);
			name = Categories;
			sourceTree = "<group>";
		};
/* End PBXGroup section */

/* Begin PBXNativeTarget section */
		59380C181CD13228000C99F0 /* CollectionSample */ = {
			isa = PBXNativeTarget;
			buildConfigurationList = 59380C2A1CD13229000C99F0 /* Build configuration list for PBXNativeTarget "CollectionSample" */;
			buildPhases = (
				59380C151CD13228000C99F0 /* Sources */,
				59380C161CD13228000C99F0 /* Frameworks */,
				59380C171CD13228000C99F0 /* Resources */,
			);
			buildRules = (
			);
			dependencies = (
			);
			name = CollectionSample;
			productName = CollectionSample;
			productReference = 59380C191CD13228000C99F0 /* CollectionSample.app */;
			productType = "com.apple.product-type.application";
		};
/* End PBXNativeTarget section */

/* Begin PBXProject section */
		59380C111CD13228000C99F0 /* Project object */ = {
			isa = PBXProject;
			attributes = {
				LastUpgradeCheck = 0730;
				ORGANIZATIONNAME = "David de Tena";
				TargetAttributes = {
					59380C181CD13228000C99F0 = {
						CreatedOnToolsVersion = 7.3;
						DevelopmentTeam = QF5L9JVR92;
					};
				};
			};
			buildConfigurationList = 59380C141CD13228000C99F0 /* Build configuration list for PBXProject "CollectionSample" */;
			compatibilityVersion = "Xcode 3.2";
			developmentRegion = English;
			hasScannedForEncodings = 0;
			knownRegions = (
				en,
				Base,
			);
			mainGroup = 59380C101CD13228000C99F0;
			productRefGroup = 59380C1A1CD13228000C99F0 /* Products */;
			projectDirPath = "";
			projectRoot = "";
			targets = (
				59380C181CD13228000C99F0 /* CollectionSample */,
			);
		};
/* End PBXProject section */

/* Begin PBXResourcesBuildPhase section */
		59380C171CD13228000C99F0 /* Resources */ = {
			isa = PBXResourcesBuildPhase;
			buildActionMask = 2147483647;
			files = (
				59380C231CD13229000C99F0 /* Assets.xcassets in Resources */,
				59CBCC2B1CD27D5C00966410 /* DTCRandomColorCell.xib in Resources */,
				59380C261CD13229000C99F0 /* LaunchScreen.storyboard in Resources */,
			);
			runOnlyForDeploymentPostprocessing = 0;
		};
/* End PBXResourcesBuildPhase section */

/* Begin PBXSourcesBuildPhase section */
		59380C151CD13228000C99F0 /* Sources */ = {
			isa = PBXSourcesBuildPhase;
			buildActionMask = 2147483647;
			files = (
				59380C211CD13229000C99F0 /* AppDelegate.m in Sources */,
				59CBCC2A1CD27D5C00966410 /* DTCRandomColorCell.m in Sources */,
				59380C1E1CD13228000C99F0 /* main.m in Sources */,
				59C242EA1CD1D8FC00FA9E88 /* DTCColorfulViewController.m in Sources */,
				59C242E61CD1D68C00FA9E88 /* DTCColors.m in Sources */,
				59CBCC2F1CD2801400966410 /* UIColor+Colorful.m in Sources */,
			);
			runOnlyForDeploymentPostprocessing = 0;
		};
/* End PBXSourcesBuildPhase section */

/* Begin PBXVariantGroup section */
		59380C241CD13229000C99F0 /* LaunchScreen.storyboard */ = {
			isa = PBXVariantGroup;
			children = (
				59380C251CD13229000C99F0 /* Base */,
			);
			name = LaunchScreen.storyboard;
			sourceTree = "<group>";
		};
/* End PBXVariantGroup section */

/* Begin XCBuildConfiguration section */
		59380C281CD13229000C99F0 /* Debug */ = {
			isa = XCBuildConfiguration;
			buildSettings = {
				ALWAYS_SEARCH_USER_PATHS = NO;
				CLANG_ANALYZER_NONNULL = YES;
				CLANG_CXX_LANGUAGE_STANDARD = "gnu++0x";
				CLANG_CXX_LIBRARY = "libc++";
				CLANG_ENABLE_MODULES = YES;
				CLANG_ENABLE_OBJC_ARC = YES;
				CLANG_WARN_BOOL_CONVERSION = YES;
				CLANG_WARN_CONSTANT_CONVERSION = YES;
				CLANG_WARN_DIRECT_OBJC_ISA_USAGE = YES_ERROR;
				CLANG_WARN_EMPTY_BODY = YES;
				CLANG_WARN_ENUM_CONVERSION = YES;
				CLANG_WARN_INT_CONVERSION = YES;
				CLANG_WARN_OBJC_ROOT_CLASS = YES_ERROR;
				CLANG_WARN_UNREACHABLE_CODE = YES;
				CLANG_WARN__DUPLICATE_METHOD_MATCH = YES;
				"CODE_SIGN_IDENTITY[sdk=iphoneos*]" = "iPhone Developer";
				COPY_PHASE_STRIP = NO;
				DEBUG_INFORMATION_FORMAT = dwarf;
				ENABLE_STRICT_OBJC_MSGSEND = YES;
				ENABLE_TESTABILITY = YES;
				GCC_C_LANGUAGE_STANDARD = gnu99;
				GCC_DYNAMIC_NO_PIC = NO;
				GCC_NO_COMMON_BLOCKS = YES;
				GCC_OPTIMIZATION_LEVEL = 0;
				GCC_PREPROCESSOR_DEFINITIONS = (
					"DEBUG=1",
					"$(inherited)",
				);
				GCC_WARN_64_TO_32_BIT_CONVERSION = YES;
				GCC_WARN_ABOUT_RETURN_TYPE = YES_ERROR;
				GCC_WARN_UNDECLARED_SELECTOR = YES;
				GCC_WARN_UNINITIALIZED_AUTOS = YES_AGGRESSIVE;
				GCC_WARN_UNUSED_FUNCTION = YES;
				GCC_WARN_UNUSED_VARIABLE = YES;
				IPHONEOS_DEPLOYMENT_TARGET = 9.3;
				MTL_ENABLE_DEBUG_INFO = YES;
				ONLY_ACTIVE_ARCH = YES;
				SDKROOT = iphoneos;
				TARGETED_DEVICE_FAMILY = "1,2";
			};
			name = Debug;
		};
		59380C291CD13229000C99F0 /* Release */ = {
			isa = XCBuildConfiguration;
			buildSettings = {
				ALWAYS_SEARCH_USER_PATHS = NO;
				CLANG_ANALYZER_NONNULL = YES;
				CLANG_CXX_LANGUAGE_STANDARD = "gnu++0x";
				CLANG_CXX_LIBRARY = "libc++";
				CLANG_ENABLE_MODULES = YES;
				CLANG_ENABLE_OBJC_ARC = YES;
				CLANG_WARN_BOOL_CONVERSION = YES;
				CLANG_WARN_CONSTANT_CONVERSION = YES;
				CLANG_WARN_DIRECT_OBJC_ISA_USAGE = YES_ERROR;
				CLANG_WARN_EMPTY_BODY = YES;
				CLANG_WARN_ENUM_CONVERSION = YES;
				CLANG_WARN_INT_CONVERSION = YES;
				CLANG_WARN_OBJC_ROOT_CLASS = YES_ERROR;
				CLANG_WARN_UNREACHABLE_CODE = YES;
				CLANG_WARN__DUPLICATE_METHOD_MATCH = YES;
				"CODE_SIGN_IDENTITY[sdk=iphoneos*]" = "iPhone Developer";
				COPY_PHASE_STRIP = NO;
				DEBUG_INFORMATION_FORMAT = "dwarf-with-dsym";
				ENABLE_NS_ASSERTIONS = NO;
				ENABLE_STRICT_OBJC_MSGSEND = YES;
				GCC_C_LANGUAGE_STANDARD = gnu99;
				GCC_NO_COMMON_BLOCKS = YES;
				GCC_WARN_64_TO_32_BIT_CONVERSION = YES;
				GCC_WARN_ABOUT_RETURN_TYPE = YES_ERROR;
				GCC_WARN_UNDECLARED_SELECTOR = YES;
				GCC_WARN_UNINITIALIZED_AUTOS = YES_AGGRESSIVE;
				GCC_WARN_UNUSED_FUNCTION = YES;
				GCC_WARN_UNUSED_VARIABLE = YES;
				IPHONEOS_DEPLOYMENT_TARGET = 9.3;
				MTL_ENABLE_DEBUG_INFO = NO;
				SDKROOT = iphoneos;
				TARGETED_DEVICE_FAMILY = "1,2";
				VALIDATE_PRODUCT = YES;
			};
			name = Release;
		};
		59380C2B1CD13229000C99F0 /* Debug */ = {
			isa = XCBuildConfiguration;
			buildSettings = {
				ASSETCATALOG_COMPILER_APPICON_NAME = AppIcon;
				CODE_SIGN_IDENTITY = "iPhone Developer";
				INFOPLIST_FILE = CollectionSample/Info.plist;
				LD_RUNPATH_SEARCH_PATHS = "$(inherited) @executable_path/Frameworks";
				PRODUCT_BUNDLE_IDENTIFIER = com.daviddetena.CollectionSample;
				PRODUCT_NAME = "$(TARGET_NAME)";
			};
			name = Debug;
		};
		59380C2C1CD13229000C99F0 /* Release */ = {
			isa = XCBuildConfiguration;
			buildSettings = {
				ASSETCATALOG_COMPILER_APPICON_NAME = AppIcon;
				CODE_SIGN_IDENTITY = "iPhone Developer";
				INFOPLIST_FILE = CollectionSample/Info.plist;
				LD_RUNPATH_SEARCH_PATHS = "$(inherited) @executable_path/Frameworks";
				PRODUCT_BUNDLE_IDENTIFIER = com.daviddetena.CollectionSample;
				PRODUCT_NAME = "$(TARGET_NAME)";
			};
			name = Release;
		};
/* End XCBuildConfiguration section */

/* Begin XCConfigurationList section */
		59380C141CD13228000C99F0 /* Build configuration list for PBXProject "CollectionSample" */ = {
			isa = XCConfigurationList;
			buildConfigurations = (
				59380C281CD13229000C99F0 /* Debug */,
				59380C291CD13229000C99F0 /* Release */,
			);
			defaultConfigurationIsVisible = 0;
			defaultConfigurationName = Release;
		};
		59380C2A1CD13229000C99F0 /* Build configuration list for PBXNativeTarget "CollectionSample" */ = {
			isa = XCConfigurationList;
			buildConfigurations = (
				59380C2B1CD13229000C99F0 /* Debug */,
				59380C2C1CD13229000C99F0 /* Release */,
			);
			defaultConfigurationIsVisible = 0;
			defaultConfigurationName = Release;
		};
/* End XCConfigurationList section */
	};
	rootObject = 59380C111CD13228000C99F0 /* Project object */;
}
